
Microsoft Visual Studio Solution File, Format Version 12.00
# Visual Studio Version 17
VisualStudioVersion = 17.8.34511.84
MinimumVisualStudioVersion = 10.0.40219.1
Project("{FAE04EC0-301F-11D3-BF4B-00C04F79EFBC}") = "Learning_Trivia_API", "Learning_Trivia_API\Learning_Trivia_API.csproj", "{703E1534-CB91-4349-A24A-3EC3F5DC1AB2}"
EndProject
Global
	GlobalSection(SolutionConfigurationPlatforms) = preSolution
		Debug|Any CPU = Debug|Any CPU
		Release|Any CPU = Release|Any CPU
	EndGlobalSection
	GlobalSection(ProjectConfigurationPlatforms) = postSolution
		{703E1534-CB91-4349-A24A-3EC3F5DC1AB2}.Debug|Any CPU.ActiveCfg = Debug|Any CPU
		{703E1534-CB91-4349-A24A-3EC3F5DC1AB2}.Debug|Any CPU.Build.0 = Debug|Any CPU
		{703E1534-CB91-4349-A24A-3EC3F5DC1AB2}.Release|Any CPU.ActiveCfg = Release|Any CPU
		{703E1534-CB91-4349-A24A-3EC3F5DC1AB2}.Release|Any CPU.Build.0 = Release|Any CPU
	EndGlobalSection
	GlobalSection(SolutionProperties) = preSolution
		HideSolutionNode = FALSE
	EndGlobalSection
	GlobalSection(ExtensibilityGlobals) = postSolution
		SolutionGuid = {ECE9924B-7A1C-404E-9F0E-F4B5F09BBC0E}
	EndGlobalSection
EndGlobal
